
Microsoft Visual Studio Solution File, Format Version 12.00
# Visual Studio 14
VisualStudioVersion = 14.0.24720.0
MinimumVisualStudioVersion = 10.0.40219.1
Project("{FAE04EC0-301F-11D3-BF4B-00C04F79EFBC}") = "SimulateBand", "SimulateBand\SimulateBand.csproj", "{75CDB769-DD99-482A-8B0F-565B6DEA37C6}"
EndProject
Project("{FAE04EC0-301F-11D3-BF4B-00C04F79EFBC}") = "BandontheRunWebApp", "BandontheRunWebApp\BandontheRunWebApp.csproj", "{4A56933B-6727-4164-8E9F-A941E65A0DDA}"
EndProject
Project("{FAE04EC0-301F-11D3-BF4B-00C04F79EFBC}") = "MSBandAzure", "MSBandAzure\MSBandAzure.csproj", "{9A82F6E0-3AC8-440C-AA37-714920D8FB85}"
EndProject
Project("{2150E333-8FDC-42A3-9474-1A3956D46DE8}") = "Solution Items", "Solution Items", "{5E507E62-3BB1-4B48-93EA-66976D9D4D5F}"
	ProjectSection(SolutionItems) = preProject
		stream analystics query.txt = stream analystics query.txt
	EndProjectSection
EndProject
Project("{FAE04EC0-301F-11D3-BF4B-00C04F79EFBC}") = "BandOnTheRunEventHubMonitor", "BandOnTheRunEventHubMonitor\BandOnTheRunEventHubMonitor.csproj", "{BFA1808A-2D3A-4B19-975A-6DC3FC8DA220}"
EndProject
Project("{FAE04EC0-301F-11D3-BF4B-00C04F79EFBC}") = "BandOnTheRunVoiceCommandService", "BandOnTheRunVoiceCommandService\BandOnTheRunVoiceCommandService.csproj", "{3B2BAE04-CD76-41D5-A0B1-5C0130ABC68B}"
EndProject
Global
	GlobalSection(SolutionConfigurationPlatforms) = preSolution
		Debug|Any CPU = Debug|Any CPU
		Debug|ARM = Debug|ARM
		Debug|x64 = Debug|x64
		Debug|x86 = Debug|x86
		Release|Any CPU = Release|Any CPU
		Release|ARM = Release|ARM
		Release|x64 = Release|x64
		Release|x86 = Release|x86
	EndGlobalSection
	GlobalSection(ProjectConfigurationPlatforms) = postSolution
		{75CDB769-DD99-482A-8B0F-565B6DEA37C6}.Debug|Any CPU.ActiveCfg = Debug|Any CPU
		{75CDB769-DD99-482A-8B0F-565B6DEA37C6}.Debug|Any CPU.Build.0 = Debug|Any CPU
		{75CDB769-DD99-482A-8B0F-565B6DEA37C6}.Debug|ARM.ActiveCfg = Debug|Any CPU
		{75CDB769-DD99-482A-8B0F-565B6DEA37C6}.Debug|ARM.Build.0 = Debug|Any CPU
		{75CDB769-DD99-482A-8B0F-565B6DEA37C6}.Debug|x64.ActiveCfg = Debug|Any CPU
		{75CDB769-DD99-482A-8B0F-565B6DEA37C6}.Debug|x64.Build.0 = Debug|Any CPU
		{75CDB769-DD99-482A-8B0F-565B6DEA37C6}.Debug|x86.ActiveCfg = Debug|Any CPU
		{75CDB769-DD99-482A-8B0F-565B6DEA37C6}.Debug|x86.Build.0 = Debug|Any CPU
		{75CDB769-DD99-482A-8B0F-565B6DEA37C6}.Release|Any CPU.ActiveCfg = Release|Any CPU
		{75CDB769-DD99-482A-8B0F-565B6DEA37C6}.Release|Any CPU.Build.0 = Release|Any CPU
		{75CDB769-DD99-482A-8B0F-565B6DEA37C6}.Release|ARM.ActiveCfg = Release|Any CPU
		{75CDB769-DD99-482A-8B0F-565B6DEA37C6}.Release|ARM.Build.0 = Release|Any CPU
		{75CDB769-DD99-482A-8B0F-565B6DEA37C6}.Release|x64.ActiveCfg = Release|Any CPU
		{75CDB769-DD99-482A-8B0F-565B6DEA37C6}.Release|x64.Build.0 = Release|Any CPU
		{75CDB769-DD99-482A-8B0F-565B6DEA37C6}.Release|x86.ActiveCfg = Release|Any CPU
		{75CDB769-DD99-482A-8B0F-565B6DEA37C6}.Release|x86.Build.0 = Release|Any CPU
		{4A56933B-6727-4164-8E9F-A941E65A0DDA}.Debug|Any CPU.ActiveCfg = Debug|Any CPU
		{4A56933B-6727-4164-8E9F-A941E65A0DDA}.Debug|Any CPU.Build.0 = Debug|Any CPU
		{4A56933B-6727-4164-8E9F-A941E65A0DDA}.Debug|ARM.ActiveCfg = Debug|Any CPU
		{4A56933B-6727-4164-8E9F-A941E65A0DDA}.Debug|ARM.Build.0 = Debug|Any CPU
		{4A56933B-6727-4164-8E9F-A941E65A0DDA}.Debug|x64.ActiveCfg = Debug|Any CPU
		{4A56933B-6727-4164-8E9F-A941E65A0DDA}.Debug|x64.Build.0 = Debug|Any CPU
		{4A56933B-6727-4164-8E9F-A941E65A0DDA}.Debug|x86.ActiveCfg = Debug|Any CPU
		{4A56933B-6727-4164-8E9F-A941E65A0DDA}.Debug|x86.Build.0 = Debug|Any CPU
		{4A56933B-6727-4164-8E9F-A941E65A0DDA}.Release|Any CPU.ActiveCfg = Release|Any CPU
		{4A56933B-6727-4164-8E9F-A941E65A0DDA}.Release|Any CPU.Build.0 = Release|Any CPU
		{4A56933B-6727-4164-8E9F-A941E65A0DDA}.Release|ARM.ActiveCfg = Release|Any CPU
		{4A56933B-6727-4164-8E9F-A941E65A0DDA}.Release|ARM.Build.0 = Release|Any CPU
		{4A56933B-6727-4164-8E9F-A941E65A0DDA}.Release|x64.ActiveCfg = Release|Any CPU
		{4A56933B-6727-4164-8E9F-A941E65A0DDA}.Release|x64.Build.0 = Release|Any CPU
		{4A56933B-6727-4164-8E9F-A941E65A0DDA}.Release|x86.ActiveCfg = Release|Any CPU
		{4A56933B-6727-4164-8E9F-A941E65A0DDA}.Release|x86.Build.0 = Release|Any CPU
		{9A82F6E0-3AC8-440C-AA37-714920D8FB85}.Debug|Any CPU.ActiveCfg = Debug|x86
		{9A82F6E0-3AC8-440C-AA37-714920D8FB85}.Debug|Any CPU.Build.0 = Debug|x86
		{9A82F6E0-3AC8-440C-AA37-714920D8FB85}.Debug|Any CPU.Deploy.0 = Debug|x86
		{9A82F6E0-3AC8-440C-AA37-714920D8FB85}.Debug|ARM.ActiveCfg = Debug|ARM
		{9A82F6E0-3AC8-440C-AA37-714920D8FB85}.Debug|ARM.Build.0 = Debug|ARM
		{9A82F6E0-3AC8-440C-AA37-714920D8FB85}.Debug|ARM.Deploy.0 = Debug|ARM
		{9A82F6E0-3AC8-440C-AA37-714920D8FB85}.Debug|x64.ActiveCfg = Debug|x64
		{9A82F6E0-3AC8-440C-AA37-714920D8FB85}.Debug|x64.Build.0 = Debug|x64
		{9A82F6E0-3AC8-440C-AA37-714920D8FB85}.Debug|x64.Deploy.0 = Debug|x64
		{9A82F6E0-3AC8-440C-AA37-714920D8FB85}.Debug|x86.ActiveCfg = Debug|x86
		{9A82F6E0-3AC8-440C-AA37-714920D8FB85}.Debug|x86.Build.0 = Debug|x86
		{9A82F6E0-3AC8-440C-AA37-714920D8FB85}.Debug|x86.Deploy.0 = Debug|x86
		{9A82F6E0-3AC8-440C-AA37-714920D8FB85}.Release|Any CPU.ActiveCfg = Release|x86
		{9A82F6E0-3AC8-440C-AA37-714920D8FB85}.Release|Any CPU.Build.0 = Release|x86
		{9A82F6E0-3AC8-440C-AA37-714920D8FB85}.Release|Any CPU.Deploy.0 = Release|x86
		{9A82F6E0-3AC8-440C-AA37-714920D8FB85}.Release|ARM.ActiveCfg = Release|ARM
		{9A82F6E0-3AC8-440C-AA37-714920D8FB85}.Release|ARM.Build.0 = Release|ARM
		{9A82F6E0-3AC8-440C-AA37-714920D8FB85}.Release|ARM.Deploy.0 = Release|ARM
		{9A82F6E0-3AC8-440C-AA37-714920D8FB85}.Release|x64.ActiveCfg = Release|x64
		{9A82F6E0-3AC8-440C-AA37-714920D8FB85}.Release|x64.Build.0 = Release|x64
		{9A82F6E0-3AC8-440C-AA37-714920D8FB85}.Release|x64.Deploy.0 = Release|x64
		{9A82F6E0-3AC8-440C-AA37-714920D8FB85}.Release|x86.ActiveCfg = Release|x86
		{9A82F6E0-3AC8-440C-AA37-714920D8FB85}.Release|x86.Build.0 = Release|x86
		{9A82F6E0-3AC8-440C-AA37-714920D8FB85}.Release|x86.Deploy.0 = Release|x86
		{BFA1808A-2D3A-4B19-975A-6DC3FC8DA220}.Debug|Any CPU.ActiveCfg = Debug|Any CPU
		{BFA1808A-2D3A-4B19-975A-6DC3FC8DA220}.Debug|Any CPU.Build.0 = Debug|Any CPU
		{BFA1808A-2D3A-4B19-975A-6DC3FC8DA220}.Debug|ARM.ActiveCfg = Debug|Any CPU
		{BFA1808A-2D3A-4B19-975A-6DC3FC8DA220}.Debug|ARM.Build.0 = Debug|Any CPU
		{BFA1808A-2D3A-4B19-975A-6DC3FC8DA220}.Debug|x64.ActiveCfg = Debug|Any CPU
		{BFA1808A-2D3A-4B19-975A-6DC3FC8DA220}.Debug|x64.Build.0 = Debug|Any CPU
		{BFA1808A-2D3A-4B19-975A-6DC3FC8DA220}.Debug|x86.ActiveCfg = Debug|Any CPU
		{BFA1808A-2D3A-4B19-975A-6DC3FC8DA220}.Debug|x86.Build.0 = Debug|Any CPU
		{BFA1808A-2D3A-4B19-975A-6DC3FC8DA220}.Release|Any CPU.ActiveCfg = Release|Any CPU
		{BFA1808A-2D3A-4B19-975A-6DC3FC8DA220}.Release|Any CPU.Build.0 = Release|Any CPU
		{BFA1808A-2D3A-4B19-975A-6DC3FC8DA220}.Release|ARM.ActiveCfg = Release|Any CPU
		{BFA1808A-2D3A-4B19-975A-6DC3FC8DA220}.Release|ARM.Build.0 = Release|Any CPU
		{BFA1808A-2D3A-4B19-975A-6DC3FC8DA220}.Release|x64.ActiveCfg = Release|Any CPU
		{BFA1808A-2D3A-4B19-975A-6DC3FC8DA220}.Release|x64.Build.0 = Release|Any CPU
		{BFA1808A-2D3A-4B19-975A-6DC3FC8DA220}.Release|x86.ActiveCfg = Release|Any CPU
		{BFA1808A-2D3A-4B19-975A-6DC3FC8DA220}.Release|x86.Build.0 = Release|Any CPU
		{3B2BAE04-CD76-41D5-A0B1-5C0130ABC68B}.Debug|Any CPU.ActiveCfg = Debug|Any CPU
		{3B2BAE04-CD76-41D5-A0B1-5C0130ABC68B}.Debug|Any CPU.Build.0 = Debug|Any CPU
		{3B2BAE04-CD76-41D5-A0B1-5C0130ABC68B}.Debug|ARM.ActiveCfg = Debug|ARM
		{3B2BAE04-CD76-41D5-A0B1-5C0130ABC68B}.Debug|ARM.Build.0 = Debug|ARM
		{3B2BAE04-CD76-41D5-A0B1-5C0130ABC68B}.Debug|x64.ActiveCfg = Debug|x64
		{3B2BAE04-CD76-41D5-A0B1-5C0130ABC68B}.Debug|x64.Build.0 = Debug|x64
		{3B2BAE04-CD76-41D5-A0B1-5C0130ABC68B}.Debug|x86.ActiveCfg = Debug|x86
		{3B2BAE04-CD76-41D5-A0B1-5C0130ABC68B}.Debug|x86.Build.0 = Debug|x86
		{3B2BAE04-CD76-41D5-A0B1-5C0130ABC68B}.Release|Any CPU.ActiveCfg = Release|Any CPU
		{3B2BAE04-CD76-41D5-A0B1-5C0130ABC68B}.Release|Any CPU.Build.0 = Release|Any CPU
		{3B2BAE04-CD76-41D5-A0B1-5C0130ABC68B}.Release|ARM.ActiveCfg = Release|ARM
		{3B2BAE04-CD76-41D5-A0B1-5C0130ABC68B}.Release|ARM.Build.0 = Release|ARM
		{3B2BAE04-CD76-41D5-A0B1-5C0130ABC68B}.Release|x64.ActiveCfg = Release|x64
		{3B2BAE04-CD76-41D5-A0B1-5C0130ABC68B}.Release|x64.Build.0 = Release|x64
		{3B2BAE04-CD76-41D5-A0B1-5C0130ABC68B}.Release|x86.ActiveCfg = Release|x86
		{3B2BAE04-CD76-41D5-A0B1-5C0130ABC68B}.Release|x86.Build.0 = Release|x86
	EndGlobalSection
	GlobalSection(SolutionProperties) = preSolution
		HideSolutionNode = FALSE
	EndGlobalSection
EndGlobal
