
Microsoft Visual Studio Solution File, Format Version 12.00
# Visual Studio 2012
VisualStudioVersion = 14.0.25123.0
MinimumVisualStudioVersion = 10.0.40219.1
Project("{FAE04EC0-301F-11D3-BF4B-00C04F79EFBC}") = "BandontheRunWebApp", "BandontheRunWebApp\BandontheRunWebApp.csproj", "{4A56933B-6727-4164-8E9F-A941E65A0DDA}"
EndProject
Project("{FAE04EC0-301F-11D3-BF4B-00C04F79EFBC}") = "MSBandAzure", "MSBandAzure\MSBandAzure.csproj", "{9A82F6E0-3AC8-440C-AA37-714920D8FB85}"
EndProject
Project("{2150E333-8FDC-42A3-9474-1A3956D46DE8}") = "Solution Items", "Solution Items", "{5E507E62-3BB1-4B48-93EA-66976D9D4D5F}"
	ProjectSection(SolutionItems) = preProject
		README.md = README.md
		stream analystics query.txt = stream analystics query.txt
	EndProjectSection
EndProject
Project("{FAE04EC0-301F-11D3-BF4B-00C04F79EFBC}") = "SimulatedBandIotHub", "SimulatedBandIotHub\SimulatedBandIotHub.csproj", "{2BF151EE-E9FE-4228-ADA4-B6E521859E1A}"
EndProject
Project("{FAE04EC0-301F-11D3-BF4B-00C04F79EFBC}") = "BandOnTheRunTrackerWebApp", "BandOnTheRunTrackerWebApp\BandOnTheRunTrackerWebApp.csproj", "{03E3D369-9A1E-4893-A60E-508832BFD48B}"
EndProject
Project("{FAE04EC0-301F-11D3-BF4B-00C04F79EFBC}") = "SimulateSignalR", "SimulateSignalR\SimulateSignalR.csproj", "{B2BA865C-A965-4BA0-AC67-BD1491310A5E}"
EndProject
Project("{FAE04EC0-301F-11D3-BF4B-00C04F79EFBC}") = "BandOnTheRunAlertWebJob", "BandOnTheRunAlertWebJob\BandOnTheRunAlertWebJob.csproj", "{2E9C8E69-5476-41B9-A491-182F9C7AE3A3}"
EndProject
Project("{FAE04EC0-301F-11D3-BF4B-00C04F79EFBC}") = "BandOnTheRun.PCL", "BandOnTheRun.PCL\BandOnTheRun.PCL.csproj", "{AF86E902-CA06-49A6-853B-CF3F228F940C}"
EndProject
Project("{FAE04EC0-301F-11D3-BF4B-00C04F79EFBC}") = "BandOnTheRun.Droid", "BandOnTheRun.Droid\BandOnTheRun.Droid.csproj", "{0710D5A7-B309-46B1-8E16-EDF066A4C963}"
EndProject
Project("{FAE04EC0-301F-11D3-BF4B-00C04F79EFBC}") = "BandOnTheRun.UWP", "BandOnTheRun.UWP\BandOnTheRun.UWP.csproj", "{44F4B57A-043B-4D1B-BE5F-C226EB251920}"
EndProject
Project("{FAE04EC0-301F-11D3-BF4B-00C04F79EFBC}") = "BandOnTheRun.iOS", "BandOnTheRun.IOS\BandOnTheRun.iOS.csproj", "{F346D751-3F9C-4EF3-A974-833999498506}"
EndProject
Global
	GlobalSection(SolutionConfigurationPlatforms) = preSolution
		Ad-Hoc|Any CPU = Ad-Hoc|Any CPU
		Ad-Hoc|ARM = Ad-Hoc|ARM
		Ad-Hoc|iPhone = Ad-Hoc|iPhone
		Ad-Hoc|iPhoneSimulator = Ad-Hoc|iPhoneSimulator
		Ad-Hoc|x64 = Ad-Hoc|x64
		Ad-Hoc|x86 = Ad-Hoc|x86
		AppStore|Any CPU = AppStore|Any CPU
		AppStore|ARM = AppStore|ARM
		AppStore|iPhone = AppStore|iPhone
		AppStore|iPhoneSimulator = AppStore|iPhoneSimulator
		AppStore|x64 = AppStore|x64
		AppStore|x86 = AppStore|x86
		Debug|Any CPU = Debug|Any CPU
		Debug|ARM = Debug|ARM
		Debug|iPhone = Debug|iPhone
		Debug|iPhoneSimulator = Debug|iPhoneSimulator
		Debug|x64 = Debug|x64
		Debug|x86 = Debug|x86
		Release|Any CPU = Release|Any CPU
		Release|ARM = Release|ARM
		Release|iPhone = Release|iPhone
		Release|iPhoneSimulator = Release|iPhoneSimulator
		Release|x64 = Release|x64
		Release|x86 = Release|x86
	EndGlobalSection
	GlobalSection(ProjectConfigurationPlatforms) = postSolution
		{03E3D369-9A1E-4893-A60E-508832BFD48B}.Ad-Hoc|Any CPU.ActiveCfg = Release|Any CPU
		{03E3D369-9A1E-4893-A60E-508832BFD48B}.Ad-Hoc|Any CPU.Build.0 = Release|Any CPU
		{03E3D369-9A1E-4893-A60E-508832BFD48B}.Ad-Hoc|ARM.ActiveCfg = Release|Any CPU
		{03E3D369-9A1E-4893-A60E-508832BFD48B}.Ad-Hoc|ARM.Build.0 = Release|Any CPU
		{03E3D369-9A1E-4893-A60E-508832BFD48B}.Ad-Hoc|iPhone.ActiveCfg = Release|Any CPU
		{03E3D369-9A1E-4893-A60E-508832BFD48B}.Ad-Hoc|iPhone.Build.0 = Release|Any CPU
		{03E3D369-9A1E-4893-A60E-508832BFD48B}.Ad-Hoc|iPhoneSimulator.ActiveCfg = Release|Any CPU
		{03E3D369-9A1E-4893-A60E-508832BFD48B}.Ad-Hoc|iPhoneSimulator.Build.0 = Release|Any CPU
		{03E3D369-9A1E-4893-A60E-508832BFD48B}.Ad-Hoc|x64.ActiveCfg = Release|Any CPU
		{03E3D369-9A1E-4893-A60E-508832BFD48B}.Ad-Hoc|x64.Build.0 = Release|Any CPU
		{03E3D369-9A1E-4893-A60E-508832BFD48B}.Ad-Hoc|x86.ActiveCfg = Release|Any CPU
		{03E3D369-9A1E-4893-A60E-508832BFD48B}.Ad-Hoc|x86.Build.0 = Release|Any CPU
		{03E3D369-9A1E-4893-A60E-508832BFD48B}.AppStore|Any CPU.ActiveCfg = Release|Any CPU
		{03E3D369-9A1E-4893-A60E-508832BFD48B}.AppStore|Any CPU.Build.0 = Release|Any CPU
		{03E3D369-9A1E-4893-A60E-508832BFD48B}.AppStore|ARM.ActiveCfg = Release|Any CPU
		{03E3D369-9A1E-4893-A60E-508832BFD48B}.AppStore|ARM.Build.0 = Release|Any CPU
		{03E3D369-9A1E-4893-A60E-508832BFD48B}.AppStore|iPhone.ActiveCfg = Release|Any CPU
		{03E3D369-9A1E-4893-A60E-508832BFD48B}.AppStore|iPhone.Build.0 = Release|Any CPU
		{03E3D369-9A1E-4893-A60E-508832BFD48B}.AppStore|iPhoneSimulator.ActiveCfg = Release|Any CPU
		{03E3D369-9A1E-4893-A60E-508832BFD48B}.AppStore|iPhoneSimulator.Build.0 = Release|Any CPU
		{03E3D369-9A1E-4893-A60E-508832BFD48B}.AppStore|x64.ActiveCfg = Release|Any CPU
		{03E3D369-9A1E-4893-A60E-508832BFD48B}.AppStore|x64.Build.0 = Release|Any CPU
		{03E3D369-9A1E-4893-A60E-508832BFD48B}.AppStore|x86.ActiveCfg = Release|Any CPU
		{03E3D369-9A1E-4893-A60E-508832BFD48B}.AppStore|x86.Build.0 = Release|Any CPU
		{03E3D369-9A1E-4893-A60E-508832BFD48B}.Debug|Any CPU.ActiveCfg = Debug|Any CPU
		{03E3D369-9A1E-4893-A60E-508832BFD48B}.Debug|ARM.ActiveCfg = Debug|Any CPU
		{03E3D369-9A1E-4893-A60E-508832BFD48B}.Debug|ARM.Build.0 = Debug|Any CPU
		{03E3D369-9A1E-4893-A60E-508832BFD48B}.Debug|iPhone.ActiveCfg = Debug|Any CPU
		{03E3D369-9A1E-4893-A60E-508832BFD48B}.Debug|iPhone.Build.0 = Debug|Any CPU
		{03E3D369-9A1E-4893-A60E-508832BFD48B}.Debug|iPhoneSimulator.ActiveCfg = Debug|Any CPU
		{03E3D369-9A1E-4893-A60E-508832BFD48B}.Debug|iPhoneSimulator.Build.0 = Debug|Any CPU
		{03E3D369-9A1E-4893-A60E-508832BFD48B}.Debug|x64.ActiveCfg = Debug|Any CPU
		{03E3D369-9A1E-4893-A60E-508832BFD48B}.Debug|x64.Build.0 = Debug|Any CPU
		{03E3D369-9A1E-4893-A60E-508832BFD48B}.Debug|x86.ActiveCfg = Debug|Any CPU
		{03E3D369-9A1E-4893-A60E-508832BFD48B}.Debug|x86.Build.0 = Debug|Any CPU
		{03E3D369-9A1E-4893-A60E-508832BFD48B}.Release|Any CPU.ActiveCfg = Release|Any CPU
		{03E3D369-9A1E-4893-A60E-508832BFD48B}.Release|Any CPU.Build.0 = Release|Any CPU
		{03E3D369-9A1E-4893-A60E-508832BFD48B}.Release|ARM.ActiveCfg = Release|Any CPU
		{03E3D369-9A1E-4893-A60E-508832BFD48B}.Release|ARM.Build.0 = Release|Any CPU
		{03E3D369-9A1E-4893-A60E-508832BFD48B}.Release|iPhone.ActiveCfg = Release|Any CPU
		{03E3D369-9A1E-4893-A60E-508832BFD48B}.Release|iPhone.Build.0 = Release|Any CPU
		{03E3D369-9A1E-4893-A60E-508832BFD48B}.Release|iPhoneSimulator.ActiveCfg = Release|Any CPU
		{03E3D369-9A1E-4893-A60E-508832BFD48B}.Release|iPhoneSimulator.Build.0 = Release|Any CPU
		{03E3D369-9A1E-4893-A60E-508832BFD48B}.Release|x64.ActiveCfg = Release|Any CPU
		{03E3D369-9A1E-4893-A60E-508832BFD48B}.Release|x64.Build.0 = Release|Any CPU
		{03E3D369-9A1E-4893-A60E-508832BFD48B}.Release|x86.ActiveCfg = Release|Any CPU
		{03E3D369-9A1E-4893-A60E-508832BFD48B}.Release|x86.Build.0 = Release|Any CPU
		{0710D5A7-B309-46B1-8E16-EDF066A4C963}.Ad-Hoc|Any CPU.ActiveCfg = Release|Any CPU
		{0710D5A7-B309-46B1-8E16-EDF066A4C963}.Ad-Hoc|Any CPU.Build.0 = Release|Any CPU
		{0710D5A7-B309-46B1-8E16-EDF066A4C963}.Ad-Hoc|Any CPU.Deploy.0 = Release|Any CPU
		{0710D5A7-B309-46B1-8E16-EDF066A4C963}.Ad-Hoc|ARM.ActiveCfg = Release|Any CPU
		{0710D5A7-B309-46B1-8E16-EDF066A4C963}.Ad-Hoc|ARM.Build.0 = Release|Any CPU
		{0710D5A7-B309-46B1-8E16-EDF066A4C963}.Ad-Hoc|ARM.Deploy.0 = Release|Any CPU
		{0710D5A7-B309-46B1-8E16-EDF066A4C963}.Ad-Hoc|iPhone.ActiveCfg = Release|Any CPU
		{0710D5A7-B309-46B1-8E16-EDF066A4C963}.Ad-Hoc|iPhone.Build.0 = Release|Any CPU
		{0710D5A7-B309-46B1-8E16-EDF066A4C963}.Ad-Hoc|iPhone.Deploy.0 = Release|Any CPU
		{0710D5A7-B309-46B1-8E16-EDF066A4C963}.Ad-Hoc|iPhoneSimulator.ActiveCfg = Release|Any CPU
		{0710D5A7-B309-46B1-8E16-EDF066A4C963}.Ad-Hoc|iPhoneSimulator.Build.0 = Release|Any CPU
		{0710D5A7-B309-46B1-8E16-EDF066A4C963}.Ad-Hoc|iPhoneSimulator.Deploy.0 = Release|Any CPU
		{0710D5A7-B309-46B1-8E16-EDF066A4C963}.Ad-Hoc|x64.ActiveCfg = Release|Any CPU
		{0710D5A7-B309-46B1-8E16-EDF066A4C963}.Ad-Hoc|x64.Build.0 = Release|Any CPU
		{0710D5A7-B309-46B1-8E16-EDF066A4C963}.Ad-Hoc|x64.Deploy.0 = Release|Any CPU
		{0710D5A7-B309-46B1-8E16-EDF066A4C963}.Ad-Hoc|x86.ActiveCfg = Release|Any CPU
		{0710D5A7-B309-46B1-8E16-EDF066A4C963}.Ad-Hoc|x86.Build.0 = Release|Any CPU
		{0710D5A7-B309-46B1-8E16-EDF066A4C963}.Ad-Hoc|x86.Deploy.0 = Release|Any CPU
		{0710D5A7-B309-46B1-8E16-EDF066A4C963}.AppStore|Any CPU.ActiveCfg = Release|Any CPU
		{0710D5A7-B309-46B1-8E16-EDF066A4C963}.AppStore|Any CPU.Build.0 = Release|Any CPU
		{0710D5A7-B309-46B1-8E16-EDF066A4C963}.AppStore|Any CPU.Deploy.0 = Release|Any CPU
		{0710D5A7-B309-46B1-8E16-EDF066A4C963}.AppStore|ARM.ActiveCfg = Release|Any CPU
		{0710D5A7-B309-46B1-8E16-EDF066A4C963}.AppStore|ARM.Build.0 = Release|Any CPU
		{0710D5A7-B309-46B1-8E16-EDF066A4C963}.AppStore|ARM.Deploy.0 = Release|Any CPU
		{0710D5A7-B309-46B1-8E16-EDF066A4C963}.AppStore|iPhone.ActiveCfg = Release|Any CPU
		{0710D5A7-B309-46B1-8E16-EDF066A4C963}.AppStore|iPhone.Build.0 = Release|Any CPU
		{0710D5A7-B309-46B1-8E16-EDF066A4C963}.AppStore|iPhone.Deploy.0 = Release|Any CPU
		{0710D5A7-B309-46B1-8E16-EDF066A4C963}.AppStore|iPhoneSimulator.ActiveCfg = Release|Any CPU
		{0710D5A7-B309-46B1-8E16-EDF066A4C963}.AppStore|iPhoneSimulator.Build.0 = Release|Any CPU
		{0710D5A7-B309-46B1-8E16-EDF066A4C963}.AppStore|iPhoneSimulator.Deploy.0 = Release|Any CPU
		{0710D5A7-B309-46B1-8E16-EDF066A4C963}.AppStore|x64.ActiveCfg = Release|Any CPU
		{0710D5A7-B309-46B1-8E16-EDF066A4C963}.AppStore|x64.Build.0 = Release|Any CPU
		{0710D5A7-B309-46B1-8E16-EDF066A4C963}.AppStore|x64.Deploy.0 = Release|Any CPU
		{0710D5A7-B309-46B1-8E16-EDF066A4C963}.AppStore|x86.ActiveCfg = Release|Any CPU
		{0710D5A7-B309-46B1-8E16-EDF066A4C963}.AppStore|x86.Build.0 = Release|Any CPU
		{0710D5A7-B309-46B1-8E16-EDF066A4C963}.AppStore|x86.Deploy.0 = Release|Any CPU
		{0710D5A7-B309-46B1-8E16-EDF066A4C963}.Debug|Any CPU.ActiveCfg = Debug|Any CPU
		{0710D5A7-B309-46B1-8E16-EDF066A4C963}.Debug|Any CPU.Build.0 = Debug|Any CPU
		{0710D5A7-B309-46B1-8E16-EDF066A4C963}.Debug|Any CPU.Deploy.0 = Debug|Any CPU
		{0710D5A7-B309-46B1-8E16-EDF066A4C963}.Debug|ARM.ActiveCfg = Debug|Any CPU
		{0710D5A7-B309-46B1-8E16-EDF066A4C963}.Debug|ARM.Build.0 = Debug|Any CPU
		{0710D5A7-B309-46B1-8E16-EDF066A4C963}.Debug|ARM.Deploy.0 = Debug|Any CPU
		{0710D5A7-B309-46B1-8E16-EDF066A4C963}.Debug|iPhone.ActiveCfg = Debug|Any CPU
		{0710D5A7-B309-46B1-8E16-EDF066A4C963}.Debug|iPhone.Build.0 = Debug|Any CPU
		{0710D5A7-B309-46B1-8E16-EDF066A4C963}.Debug|iPhone.Deploy.0 = Debug|Any CPU
		{0710D5A7-B309-46B1-8E16-EDF066A4C963}.Debug|iPhoneSimulator.ActiveCfg = Debug|Any CPU
		{0710D5A7-B309-46B1-8E16-EDF066A4C963}.Debug|iPhoneSimulator.Build.0 = Debug|Any CPU
		{0710D5A7-B309-46B1-8E16-EDF066A4C963}.Debug|iPhoneSimulator.Deploy.0 = Debug|Any CPU
		{0710D5A7-B309-46B1-8E16-EDF066A4C963}.Debug|x64.ActiveCfg = Debug|Any CPU
		{0710D5A7-B309-46B1-8E16-EDF066A4C963}.Debug|x64.Build.0 = Debug|Any CPU
		{0710D5A7-B309-46B1-8E16-EDF066A4C963}.Debug|x64.Deploy.0 = Debug|Any CPU
		{0710D5A7-B309-46B1-8E16-EDF066A4C963}.Debug|x86.ActiveCfg = Debug|Any CPU
		{0710D5A7-B309-46B1-8E16-EDF066A4C963}.Debug|x86.Build.0 = Debug|Any CPU
		{0710D5A7-B309-46B1-8E16-EDF066A4C963}.Debug|x86.Deploy.0 = Debug|Any CPU
		{0710D5A7-B309-46B1-8E16-EDF066A4C963}.Release|Any CPU.ActiveCfg = Release|Any CPU
		{0710D5A7-B309-46B1-8E16-EDF066A4C963}.Release|Any CPU.Build.0 = Release|Any CPU
		{0710D5A7-B309-46B1-8E16-EDF066A4C963}.Release|Any CPU.Deploy.0 = Release|Any CPU
		{0710D5A7-B309-46B1-8E16-EDF066A4C963}.Release|ARM.ActiveCfg = Release|Any CPU
		{0710D5A7-B309-46B1-8E16-EDF066A4C963}.Release|ARM.Build.0 = Release|Any CPU
		{0710D5A7-B309-46B1-8E16-EDF066A4C963}.Release|ARM.Deploy.0 = Release|Any CPU
		{0710D5A7-B309-46B1-8E16-EDF066A4C963}.Release|iPhone.ActiveCfg = Release|Any CPU
		{0710D5A7-B309-46B1-8E16-EDF066A4C963}.Release|iPhone.Build.0 = Release|Any CPU
		{0710D5A7-B309-46B1-8E16-EDF066A4C963}.Release|iPhone.Deploy.0 = Release|Any CPU
		{0710D5A7-B309-46B1-8E16-EDF066A4C963}.Release|iPhoneSimulator.ActiveCfg = Release|Any CPU
		{0710D5A7-B309-46B1-8E16-EDF066A4C963}.Release|iPhoneSimulator.Build.0 = Release|Any CPU
		{0710D5A7-B309-46B1-8E16-EDF066A4C963}.Release|iPhoneSimulator.Deploy.0 = Release|Any CPU
		{0710D5A7-B309-46B1-8E16-EDF066A4C963}.Release|x64.ActiveCfg = Release|Any CPU
		{0710D5A7-B309-46B1-8E16-EDF066A4C963}.Release|x64.Build.0 = Release|Any CPU
		{0710D5A7-B309-46B1-8E16-EDF066A4C963}.Release|x64.Deploy.0 = Release|Any CPU
		{0710D5A7-B309-46B1-8E16-EDF066A4C963}.Release|x86.ActiveCfg = Release|Any CPU
		{0710D5A7-B309-46B1-8E16-EDF066A4C963}.Release|x86.Build.0 = Release|Any CPU
		{0710D5A7-B309-46B1-8E16-EDF066A4C963}.Release|x86.Deploy.0 = Release|Any CPU
		{2BF151EE-E9FE-4228-ADA4-B6E521859E1A}.Ad-Hoc|Any CPU.ActiveCfg = Release|Any CPU
		{2BF151EE-E9FE-4228-ADA4-B6E521859E1A}.Ad-Hoc|Any CPU.Build.0 = Release|Any CPU
		{2BF151EE-E9FE-4228-ADA4-B6E521859E1A}.Ad-Hoc|ARM.ActiveCfg = Release|Any CPU
		{2BF151EE-E9FE-4228-ADA4-B6E521859E1A}.Ad-Hoc|ARM.Build.0 = Release|Any CPU
		{2BF151EE-E9FE-4228-ADA4-B6E521859E1A}.Ad-Hoc|iPhone.ActiveCfg = Release|Any CPU
		{2BF151EE-E9FE-4228-ADA4-B6E521859E1A}.Ad-Hoc|iPhone.Build.0 = Release|Any CPU
		{2BF151EE-E9FE-4228-ADA4-B6E521859E1A}.Ad-Hoc|iPhoneSimulator.ActiveCfg = Release|Any CPU
		{2BF151EE-E9FE-4228-ADA4-B6E521859E1A}.Ad-Hoc|iPhoneSimulator.Build.0 = Release|Any CPU
		{2BF151EE-E9FE-4228-ADA4-B6E521859E1A}.Ad-Hoc|x64.ActiveCfg = Release|Any CPU
		{2BF151EE-E9FE-4228-ADA4-B6E521859E1A}.Ad-Hoc|x64.Build.0 = Release|Any CPU
		{2BF151EE-E9FE-4228-ADA4-B6E521859E1A}.Ad-Hoc|x86.ActiveCfg = Release|Any CPU
		{2BF151EE-E9FE-4228-ADA4-B6E521859E1A}.Ad-Hoc|x86.Build.0 = Release|Any CPU
		{2BF151EE-E9FE-4228-ADA4-B6E521859E1A}.AppStore|Any CPU.ActiveCfg = Release|Any CPU
		{2BF151EE-E9FE-4228-ADA4-B6E521859E1A}.AppStore|Any CPU.Build.0 = Release|Any CPU
		{2BF151EE-E9FE-4228-ADA4-B6E521859E1A}.AppStore|ARM.ActiveCfg = Release|Any CPU
		{2BF151EE-E9FE-4228-ADA4-B6E521859E1A}.AppStore|ARM.Build.0 = Release|Any CPU
		{2BF151EE-E9FE-4228-ADA4-B6E521859E1A}.AppStore|iPhone.ActiveCfg = Release|Any CPU
		{2BF151EE-E9FE-4228-ADA4-B6E521859E1A}.AppStore|iPhone.Build.0 = Release|Any CPU
		{2BF151EE-E9FE-4228-ADA4-B6E521859E1A}.AppStore|iPhoneSimulator.ActiveCfg = Release|Any CPU
		{2BF151EE-E9FE-4228-ADA4-B6E521859E1A}.AppStore|iPhoneSimulator.Build.0 = Release|Any CPU
		{2BF151EE-E9FE-4228-ADA4-B6E521859E1A}.AppStore|x64.ActiveCfg = Release|Any CPU
		{2BF151EE-E9FE-4228-ADA4-B6E521859E1A}.AppStore|x64.Build.0 = Release|Any CPU
		{2BF151EE-E9FE-4228-ADA4-B6E521859E1A}.AppStore|x86.ActiveCfg = Release|Any CPU
		{2BF151EE-E9FE-4228-ADA4-B6E521859E1A}.AppStore|x86.Build.0 = Release|Any CPU
		{2BF151EE-E9FE-4228-ADA4-B6E521859E1A}.Debug|Any CPU.ActiveCfg = Debug|Any CPU
		{2BF151EE-E9FE-4228-ADA4-B6E521859E1A}.Debug|ARM.ActiveCfg = Debug|Any CPU
		{2BF151EE-E9FE-4228-ADA4-B6E521859E1A}.Debug|ARM.Build.0 = Debug|Any CPU
		{2BF151EE-E9FE-4228-ADA4-B6E521859E1A}.Debug|iPhone.ActiveCfg = Debug|Any CPU
		{2BF151EE-E9FE-4228-ADA4-B6E521859E1A}.Debug|iPhone.Build.0 = Debug|Any CPU
		{2BF151EE-E9FE-4228-ADA4-B6E521859E1A}.Debug|iPhoneSimulator.ActiveCfg = Debug|Any CPU
		{2BF151EE-E9FE-4228-ADA4-B6E521859E1A}.Debug|iPhoneSimulator.Build.0 = Debug|Any CPU
		{2BF151EE-E9FE-4228-ADA4-B6E521859E1A}.Debug|x64.ActiveCfg = Debug|Any CPU
		{2BF151EE-E9FE-4228-ADA4-B6E521859E1A}.Debug|x64.Build.0 = Debug|Any CPU
		{2BF151EE-E9FE-4228-ADA4-B6E521859E1A}.Debug|x86.ActiveCfg = Debug|Any CPU
		{2BF151EE-E9FE-4228-ADA4-B6E521859E1A}.Debug|x86.Build.0 = Debug|Any CPU
		{2BF151EE-E9FE-4228-ADA4-B6E521859E1A}.Release|Any CPU.ActiveCfg = Release|Any CPU
		{2BF151EE-E9FE-4228-ADA4-B6E521859E1A}.Release|Any CPU.Build.0 = Release|Any CPU
		{2BF151EE-E9FE-4228-ADA4-B6E521859E1A}.Release|ARM.ActiveCfg = Release|Any CPU
		{2BF151EE-E9FE-4228-ADA4-B6E521859E1A}.Release|ARM.Build.0 = Release|Any CPU
		{2BF151EE-E9FE-4228-ADA4-B6E521859E1A}.Release|iPhone.ActiveCfg = Release|Any CPU
		{2BF151EE-E9FE-4228-ADA4-B6E521859E1A}.Release|iPhone.Build.0 = Release|Any CPU
		{2BF151EE-E9FE-4228-ADA4-B6E521859E1A}.Release|iPhoneSimulator.ActiveCfg = Release|Any CPU
		{2BF151EE-E9FE-4228-ADA4-B6E521859E1A}.Release|iPhoneSimulator.Build.0 = Release|Any CPU
		{2BF151EE-E9FE-4228-ADA4-B6E521859E1A}.Release|x64.ActiveCfg = Release|Any CPU
		{2BF151EE-E9FE-4228-ADA4-B6E521859E1A}.Release|x64.Build.0 = Release|Any CPU
		{2BF151EE-E9FE-4228-ADA4-B6E521859E1A}.Release|x86.ActiveCfg = Release|Any CPU
		{2BF151EE-E9FE-4228-ADA4-B6E521859E1A}.Release|x86.Build.0 = Release|Any CPU
		{2E9C8E69-5476-41B9-A491-182F9C7AE3A3}.Ad-Hoc|Any CPU.ActiveCfg = Release|Any CPU
		{2E9C8E69-5476-41B9-A491-182F9C7AE3A3}.Ad-Hoc|Any CPU.Build.0 = Release|Any CPU
		{2E9C8E69-5476-41B9-A491-182F9C7AE3A3}.Ad-Hoc|ARM.ActiveCfg = Release|Any CPU
		{2E9C8E69-5476-41B9-A491-182F9C7AE3A3}.Ad-Hoc|ARM.Build.0 = Release|Any CPU
		{2E9C8E69-5476-41B9-A491-182F9C7AE3A3}.Ad-Hoc|iPhone.ActiveCfg = Release|Any CPU
		{2E9C8E69-5476-41B9-A491-182F9C7AE3A3}.Ad-Hoc|iPhone.Build.0 = Release|Any CPU
		{2E9C8E69-5476-41B9-A491-182F9C7AE3A3}.Ad-Hoc|iPhoneSimulator.ActiveCfg = Release|Any CPU
		{2E9C8E69-5476-41B9-A491-182F9C7AE3A3}.Ad-Hoc|iPhoneSimulator.Build.0 = Release|Any CPU
		{2E9C8E69-5476-41B9-A491-182F9C7AE3A3}.Ad-Hoc|x64.ActiveCfg = Release|Any CPU
		{2E9C8E69-5476-41B9-A491-182F9C7AE3A3}.Ad-Hoc|x64.Build.0 = Release|Any CPU
		{2E9C8E69-5476-41B9-A491-182F9C7AE3A3}.Ad-Hoc|x86.ActiveCfg = Release|Any CPU
		{2E9C8E69-5476-41B9-A491-182F9C7AE3A3}.Ad-Hoc|x86.Build.0 = Release|Any CPU
		{2E9C8E69-5476-41B9-A491-182F9C7AE3A3}.AppStore|Any CPU.ActiveCfg = Release|Any CPU
		{2E9C8E69-5476-41B9-A491-182F9C7AE3A3}.AppStore|Any CPU.Build.0 = Release|Any CPU
		{2E9C8E69-5476-41B9-A491-182F9C7AE3A3}.AppStore|ARM.ActiveCfg = Release|Any CPU
		{2E9C8E69-5476-41B9-A491-182F9C7AE3A3}.AppStore|ARM.Build.0 = Release|Any CPU
		{2E9C8E69-5476-41B9-A491-182F9C7AE3A3}.AppStore|iPhone.ActiveCfg = Release|Any CPU
		{2E9C8E69-5476-41B9-A491-182F9C7AE3A3}.AppStore|iPhone.Build.0 = Release|Any CPU
		{2E9C8E69-5476-41B9-A491-182F9C7AE3A3}.AppStore|iPhoneSimulator.ActiveCfg = Release|Any CPU
		{2E9C8E69-5476-41B9-A491-182F9C7AE3A3}.AppStore|iPhoneSimulator.Build.0 = Release|Any CPU
		{2E9C8E69-5476-41B9-A491-182F9C7AE3A3}.AppStore|x64.ActiveCfg = Release|Any CPU
		{2E9C8E69-5476-41B9-A491-182F9C7AE3A3}.AppStore|x64.Build.0 = Release|Any CPU
		{2E9C8E69-5476-41B9-A491-182F9C7AE3A3}.AppStore|x86.ActiveCfg = Release|Any CPU
		{2E9C8E69-5476-41B9-A491-182F9C7AE3A3}.AppStore|x86.Build.0 = Release|Any CPU
		{2E9C8E69-5476-41B9-A491-182F9C7AE3A3}.Debug|Any CPU.ActiveCfg = Debug|Any CPU
		{2E9C8E69-5476-41B9-A491-182F9C7AE3A3}.Debug|ARM.ActiveCfg = Debug|Any CPU
		{2E9C8E69-5476-41B9-A491-182F9C7AE3A3}.Debug|ARM.Build.0 = Debug|Any CPU
		{2E9C8E69-5476-41B9-A491-182F9C7AE3A3}.Debug|iPhone.ActiveCfg = Debug|Any CPU
		{2E9C8E69-5476-41B9-A491-182F9C7AE3A3}.Debug|iPhone.Build.0 = Debug|Any CPU
		{2E9C8E69-5476-41B9-A491-182F9C7AE3A3}.Debug|iPhoneSimulator.ActiveCfg = Debug|Any CPU
		{2E9C8E69-5476-41B9-A491-182F9C7AE3A3}.Debug|iPhoneSimulator.Build.0 = Debug|Any CPU
		{2E9C8E69-5476-41B9-A491-182F9C7AE3A3}.Debug|x64.ActiveCfg = Debug|Any CPU
		{2E9C8E69-5476-41B9-A491-182F9C7AE3A3}.Debug|x64.Build.0 = Debug|Any CPU
		{2E9C8E69-5476-41B9-A491-182F9C7AE3A3}.Debug|x86.ActiveCfg = Debug|Any CPU
		{2E9C8E69-5476-41B9-A491-182F9C7AE3A3}.Debug|x86.Build.0 = Debug|Any CPU
		{2E9C8E69-5476-41B9-A491-182F9C7AE3A3}.Release|Any CPU.ActiveCfg = Release|Any CPU
		{2E9C8E69-5476-41B9-A491-182F9C7AE3A3}.Release|Any CPU.Build.0 = Release|Any CPU
		{2E9C8E69-5476-41B9-A491-182F9C7AE3A3}.Release|ARM.ActiveCfg = Release|Any CPU
		{2E9C8E69-5476-41B9-A491-182F9C7AE3A3}.Release|ARM.Build.0 = Release|Any CPU
		{2E9C8E69-5476-41B9-A491-182F9C7AE3A3}.Release|iPhone.ActiveCfg = Release|Any CPU
		{2E9C8E69-5476-41B9-A491-182F9C7AE3A3}.Release|iPhone.Build.0 = Release|Any CPU
		{2E9C8E69-5476-41B9-A491-182F9C7AE3A3}.Release|iPhoneSimulator.ActiveCfg = Release|Any CPU
		{2E9C8E69-5476-41B9-A491-182F9C7AE3A3}.Release|iPhoneSimulator.Build.0 = Release|Any CPU
		{2E9C8E69-5476-41B9-A491-182F9C7AE3A3}.Release|x64.ActiveCfg = Release|Any CPU
		{2E9C8E69-5476-41B9-A491-182F9C7AE3A3}.Release|x64.Build.0 = Release|Any CPU
		{2E9C8E69-5476-41B9-A491-182F9C7AE3A3}.Release|x86.ActiveCfg = Release|Any CPU
		{2E9C8E69-5476-41B9-A491-182F9C7AE3A3}.Release|x86.Build.0 = Release|Any CPU
		{44F4B57A-043B-4D1B-BE5F-C226EB251920}.Ad-Hoc|Any CPU.ActiveCfg = Release|x86
		{44F4B57A-043B-4D1B-BE5F-C226EB251920}.Ad-Hoc|Any CPU.Build.0 = Release|x86
		{44F4B57A-043B-4D1B-BE5F-C226EB251920}.Ad-Hoc|Any CPU.Deploy.0 = Release|x86
		{44F4B57A-043B-4D1B-BE5F-C226EB251920}.Ad-Hoc|ARM.ActiveCfg = Release|ARM
		{44F4B57A-043B-4D1B-BE5F-C226EB251920}.Ad-Hoc|ARM.Build.0 = Release|ARM
		{44F4B57A-043B-4D1B-BE5F-C226EB251920}.Ad-Hoc|ARM.Deploy.0 = Release|ARM
		{44F4B57A-043B-4D1B-BE5F-C226EB251920}.Ad-Hoc|iPhone.ActiveCfg = Release|x86
		{44F4B57A-043B-4D1B-BE5F-C226EB251920}.Ad-Hoc|iPhone.Build.0 = Release|x86
		{44F4B57A-043B-4D1B-BE5F-C226EB251920}.Ad-Hoc|iPhone.Deploy.0 = Release|x86
		{44F4B57A-043B-4D1B-BE5F-C226EB251920}.Ad-Hoc|iPhoneSimulator.ActiveCfg = Release|x86
		{44F4B57A-043B-4D1B-BE5F-C226EB251920}.Ad-Hoc|iPhoneSimulator.Build.0 = Release|x86
		{44F4B57A-043B-4D1B-BE5F-C226EB251920}.Ad-Hoc|iPhoneSimulator.Deploy.0 = Release|x86
		{44F4B57A-043B-4D1B-BE5F-C226EB251920}.Ad-Hoc|x64.ActiveCfg = Release|x64
		{44F4B57A-043B-4D1B-BE5F-C226EB251920}.Ad-Hoc|x64.Build.0 = Release|x64
		{44F4B57A-043B-4D1B-BE5F-C226EB251920}.Ad-Hoc|x64.Deploy.0 = Release|x64
		{44F4B57A-043B-4D1B-BE5F-C226EB251920}.Ad-Hoc|x86.ActiveCfg = Release|x86
		{44F4B57A-043B-4D1B-BE5F-C226EB251920}.Ad-Hoc|x86.Build.0 = Release|x86
		{44F4B57A-043B-4D1B-BE5F-C226EB251920}.Ad-Hoc|x86.Deploy.0 = Release|x86
		{44F4B57A-043B-4D1B-BE5F-C226EB251920}.AppStore|Any CPU.ActiveCfg = Release|x86
		{44F4B57A-043B-4D1B-BE5F-C226EB251920}.AppStore|Any CPU.Build.0 = Release|x86
		{44F4B57A-043B-4D1B-BE5F-C226EB251920}.AppStore|Any CPU.Deploy.0 = Release|x86
		{44F4B57A-043B-4D1B-BE5F-C226EB251920}.AppStore|ARM.ActiveCfg = Release|ARM
		{44F4B57A-043B-4D1B-BE5F-C226EB251920}.AppStore|ARM.Build.0 = Release|ARM
		{44F4B57A-043B-4D1B-BE5F-C226EB251920}.AppStore|ARM.Deploy.0 = Release|ARM
		{44F4B57A-043B-4D1B-BE5F-C226EB251920}.AppStore|iPhone.ActiveCfg = Release|x86
		{44F4B57A-043B-4D1B-BE5F-C226EB251920}.AppStore|iPhone.Build.0 = Release|x86
		{44F4B57A-043B-4D1B-BE5F-C226EB251920}.AppStore|iPhone.Deploy.0 = Release|x86
		{44F4B57A-043B-4D1B-BE5F-C226EB251920}.AppStore|iPhoneSimulator.ActiveCfg = Release|x86
		{44F4B57A-043B-4D1B-BE5F-C226EB251920}.AppStore|iPhoneSimulator.Build.0 = Release|x86
		{44F4B57A-043B-4D1B-BE5F-C226EB251920}.AppStore|iPhoneSimulator.Deploy.0 = Release|x86
		{44F4B57A-043B-4D1B-BE5F-C226EB251920}.AppStore|x64.ActiveCfg = Release|x64
		{44F4B57A-043B-4D1B-BE5F-C226EB251920}.AppStore|x64.Build.0 = Release|x64
		{44F4B57A-043B-4D1B-BE5F-C226EB251920}.AppStore|x64.Deploy.0 = Release|x64
		{44F4B57A-043B-4D1B-BE5F-C226EB251920}.AppStore|x86.ActiveCfg = Release|x86
		{44F4B57A-043B-4D1B-BE5F-C226EB251920}.AppStore|x86.Build.0 = Release|x86
		{44F4B57A-043B-4D1B-BE5F-C226EB251920}.AppStore|x86.Deploy.0 = Release|x86
		{44F4B57A-043B-4D1B-BE5F-C226EB251920}.Debug|Any CPU.ActiveCfg = Debug|x86
		{44F4B57A-043B-4D1B-BE5F-C226EB251920}.Debug|Any CPU.Build.0 = Debug|x86
		{44F4B57A-043B-4D1B-BE5F-C226EB251920}.Debug|Any CPU.Deploy.0 = Debug|x86
		{44F4B57A-043B-4D1B-BE5F-C226EB251920}.Debug|ARM.ActiveCfg = Debug|ARM
		{44F4B57A-043B-4D1B-BE5F-C226EB251920}.Debug|ARM.Build.0 = Debug|ARM
		{44F4B57A-043B-4D1B-BE5F-C226EB251920}.Debug|ARM.Deploy.0 = Debug|ARM
		{44F4B57A-043B-4D1B-BE5F-C226EB251920}.Debug|iPhone.ActiveCfg = Debug|x86
		{44F4B57A-043B-4D1B-BE5F-C226EB251920}.Debug|iPhoneSimulator.ActiveCfg = Debug|x86
		{44F4B57A-043B-4D1B-BE5F-C226EB251920}.Debug|x64.ActiveCfg = Debug|x64
		{44F4B57A-043B-4D1B-BE5F-C226EB251920}.Debug|x64.Build.0 = Debug|x64
		{44F4B57A-043B-4D1B-BE5F-C226EB251920}.Debug|x64.Deploy.0 = Debug|x64
		{44F4B57A-043B-4D1B-BE5F-C226EB251920}.Debug|x86.ActiveCfg = Debug|x86
		{44F4B57A-043B-4D1B-BE5F-C226EB251920}.Debug|x86.Build.0 = Debug|x86
		{44F4B57A-043B-4D1B-BE5F-C226EB251920}.Debug|x86.Deploy.0 = Debug|x86
		{44F4B57A-043B-4D1B-BE5F-C226EB251920}.Release|Any CPU.ActiveCfg = Release|x86
		{44F4B57A-043B-4D1B-BE5F-C226EB251920}.Release|ARM.ActiveCfg = Release|ARM
		{44F4B57A-043B-4D1B-BE5F-C226EB251920}.Release|ARM.Build.0 = Release|ARM
		{44F4B57A-043B-4D1B-BE5F-C226EB251920}.Release|ARM.Deploy.0 = Release|ARM
		{44F4B57A-043B-4D1B-BE5F-C226EB251920}.Release|iPhone.ActiveCfg = Release|x86
		{44F4B57A-043B-4D1B-BE5F-C226EB251920}.Release|iPhoneSimulator.ActiveCfg = Release|x86
		{44F4B57A-043B-4D1B-BE5F-C226EB251920}.Release|x64.ActiveCfg = Release|x64
		{44F4B57A-043B-4D1B-BE5F-C226EB251920}.Release|x64.Build.0 = Release|x64
		{44F4B57A-043B-4D1B-BE5F-C226EB251920}.Release|x64.Deploy.0 = Release|x64
		{44F4B57A-043B-4D1B-BE5F-C226EB251920}.Release|x86.ActiveCfg = Release|x86
		{44F4B57A-043B-4D1B-BE5F-C226EB251920}.Release|x86.Build.0 = Release|x86
		{44F4B57A-043B-4D1B-BE5F-C226EB251920}.Release|x86.Deploy.0 = Release|x86
		{4A56933B-6727-4164-8E9F-A941E65A0DDA}.Ad-Hoc|Any CPU.ActiveCfg = Release|Any CPU
		{4A56933B-6727-4164-8E9F-A941E65A0DDA}.Ad-Hoc|Any CPU.Build.0 = Release|Any CPU
		{4A56933B-6727-4164-8E9F-A941E65A0DDA}.Ad-Hoc|ARM.ActiveCfg = Release|Any CPU
		{4A56933B-6727-4164-8E9F-A941E65A0DDA}.Ad-Hoc|ARM.Build.0 = Release|Any CPU
		{4A56933B-6727-4164-8E9F-A941E65A0DDA}.Ad-Hoc|iPhone.ActiveCfg = Release|Any CPU
		{4A56933B-6727-4164-8E9F-A941E65A0DDA}.Ad-Hoc|iPhone.Build.0 = Release|Any CPU
		{4A56933B-6727-4164-8E9F-A941E65A0DDA}.Ad-Hoc|iPhoneSimulator.ActiveCfg = Release|Any CPU
		{4A56933B-6727-4164-8E9F-A941E65A0DDA}.Ad-Hoc|iPhoneSimulator.Build.0 = Release|Any CPU
		{4A56933B-6727-4164-8E9F-A941E65A0DDA}.Ad-Hoc|x64.ActiveCfg = Release|Any CPU
		{4A56933B-6727-4164-8E9F-A941E65A0DDA}.Ad-Hoc|x64.Build.0 = Release|Any CPU
		{4A56933B-6727-4164-8E9F-A941E65A0DDA}.Ad-Hoc|x86.ActiveCfg = Release|Any CPU
		{4A56933B-6727-4164-8E9F-A941E65A0DDA}.Ad-Hoc|x86.Build.0 = Release|Any CPU
		{4A56933B-6727-4164-8E9F-A941E65A0DDA}.AppStore|Any CPU.ActiveCfg = Release|Any CPU
		{4A56933B-6727-4164-8E9F-A941E65A0DDA}.AppStore|Any CPU.Build.0 = Release|Any CPU
		{4A56933B-6727-4164-8E9F-A941E65A0DDA}.AppStore|ARM.ActiveCfg = Release|Any CPU
		{4A56933B-6727-4164-8E9F-A941E65A0DDA}.AppStore|ARM.Build.0 = Release|Any CPU
		{4A56933B-6727-4164-8E9F-A941E65A0DDA}.AppStore|iPhone.ActiveCfg = Release|Any CPU
		{4A56933B-6727-4164-8E9F-A941E65A0DDA}.AppStore|iPhone.Build.0 = Release|Any CPU
		{4A56933B-6727-4164-8E9F-A941E65A0DDA}.AppStore|iPhoneSimulator.ActiveCfg = Release|Any CPU
		{4A56933B-6727-4164-8E9F-A941E65A0DDA}.AppStore|iPhoneSimulator.Build.0 = Release|Any CPU
		{4A56933B-6727-4164-8E9F-A941E65A0DDA}.AppStore|x64.ActiveCfg = Release|Any CPU
		{4A56933B-6727-4164-8E9F-A941E65A0DDA}.AppStore|x64.Build.0 = Release|Any CPU
		{4A56933B-6727-4164-8E9F-A941E65A0DDA}.AppStore|x86.ActiveCfg = Release|Any CPU
		{4A56933B-6727-4164-8E9F-A941E65A0DDA}.AppStore|x86.Build.0 = Release|Any CPU
		{4A56933B-6727-4164-8E9F-A941E65A0DDA}.Debug|Any CPU.ActiveCfg = Debug|Any CPU
		{4A56933B-6727-4164-8E9F-A941E65A0DDA}.Debug|ARM.ActiveCfg = Debug|Any CPU
		{4A56933B-6727-4164-8E9F-A941E65A0DDA}.Debug|ARM.Build.0 = Debug|Any CPU
		{4A56933B-6727-4164-8E9F-A941E65A0DDA}.Debug|iPhone.ActiveCfg = Debug|Any CPU
		{4A56933B-6727-4164-8E9F-A941E65A0DDA}.Debug|iPhone.Build.0 = Debug|Any CPU
		{4A56933B-6727-4164-8E9F-A941E65A0DDA}.Debug|iPhoneSimulator.ActiveCfg = Debug|Any CPU
		{4A56933B-6727-4164-8E9F-A941E65A0DDA}.Debug|iPhoneSimulator.Build.0 = Debug|Any CPU
		{4A56933B-6727-4164-8E9F-A941E65A0DDA}.Debug|x64.ActiveCfg = Debug|Any CPU
		{4A56933B-6727-4164-8E9F-A941E65A0DDA}.Debug|x64.Build.0 = Debug|Any CPU
		{4A56933B-6727-4164-8E9F-A941E65A0DDA}.Debug|x86.ActiveCfg = Debug|Any CPU
		{4A56933B-6727-4164-8E9F-A941E65A0DDA}.Debug|x86.Build.0 = Debug|Any CPU
		{4A56933B-6727-4164-8E9F-A941E65A0DDA}.Release|Any CPU.ActiveCfg = Release|Any CPU
		{4A56933B-6727-4164-8E9F-A941E65A0DDA}.Release|Any CPU.Build.0 = Release|Any CPU
		{4A56933B-6727-4164-8E9F-A941E65A0DDA}.Release|ARM.ActiveCfg = Release|Any CPU
		{4A56933B-6727-4164-8E9F-A941E65A0DDA}.Release|ARM.Build.0 = Release|Any CPU
		{4A56933B-6727-4164-8E9F-A941E65A0DDA}.Release|iPhone.ActiveCfg = Release|Any CPU
		{4A56933B-6727-4164-8E9F-A941E65A0DDA}.Release|iPhone.Build.0 = Release|Any CPU
		{4A56933B-6727-4164-8E9F-A941E65A0DDA}.Release|iPhoneSimulator.ActiveCfg = Release|Any CPU
		{4A56933B-6727-4164-8E9F-A941E65A0DDA}.Release|iPhoneSimulator.Build.0 = Release|Any CPU
		{4A56933B-6727-4164-8E9F-A941E65A0DDA}.Release|x64.ActiveCfg = Release|Any CPU
		{4A56933B-6727-4164-8E9F-A941E65A0DDA}.Release|x64.Build.0 = Release|Any CPU
		{4A56933B-6727-4164-8E9F-A941E65A0DDA}.Release|x86.ActiveCfg = Release|Any CPU
		{4A56933B-6727-4164-8E9F-A941E65A0DDA}.Release|x86.Build.0 = Release|Any CPU
		{9A82F6E0-3AC8-440C-AA37-714920D8FB85}.Ad-Hoc|Any CPU.ActiveCfg = Release|x64
		{9A82F6E0-3AC8-440C-AA37-714920D8FB85}.Ad-Hoc|Any CPU.Build.0 = Release|x64
		{9A82F6E0-3AC8-440C-AA37-714920D8FB85}.Ad-Hoc|Any CPU.Deploy.0 = Release|x64
		{9A82F6E0-3AC8-440C-AA37-714920D8FB85}.Ad-Hoc|ARM.ActiveCfg = Release|ARM
		{9A82F6E0-3AC8-440C-AA37-714920D8FB85}.Ad-Hoc|ARM.Build.0 = Release|ARM
		{9A82F6E0-3AC8-440C-AA37-714920D8FB85}.Ad-Hoc|ARM.Deploy.0 = Release|ARM
		{9A82F6E0-3AC8-440C-AA37-714920D8FB85}.Ad-Hoc|iPhone.ActiveCfg = Release|x64
		{9A82F6E0-3AC8-440C-AA37-714920D8FB85}.Ad-Hoc|iPhone.Build.0 = Release|x64
		{9A82F6E0-3AC8-440C-AA37-714920D8FB85}.Ad-Hoc|iPhone.Deploy.0 = Release|x64
		{9A82F6E0-3AC8-440C-AA37-714920D8FB85}.Ad-Hoc|iPhoneSimulator.ActiveCfg = Release|x64
		{9A82F6E0-3AC8-440C-AA37-714920D8FB85}.Ad-Hoc|iPhoneSimulator.Build.0 = Release|x64
		{9A82F6E0-3AC8-440C-AA37-714920D8FB85}.Ad-Hoc|iPhoneSimulator.Deploy.0 = Release|x64
		{9A82F6E0-3AC8-440C-AA37-714920D8FB85}.Ad-Hoc|x64.ActiveCfg = Release|x64
		{9A82F6E0-3AC8-440C-AA37-714920D8FB85}.Ad-Hoc|x64.Build.0 = Release|x64
		{9A82F6E0-3AC8-440C-AA37-714920D8FB85}.Ad-Hoc|x64.Deploy.0 = Release|x64
		{9A82F6E0-3AC8-440C-AA37-714920D8FB85}.Ad-Hoc|x86.ActiveCfg = Release|x86
		{9A82F6E0-3AC8-440C-AA37-714920D8FB85}.Ad-Hoc|x86.Build.0 = Release|x86
		{9A82F6E0-3AC8-440C-AA37-714920D8FB85}.Ad-Hoc|x86.Deploy.0 = Release|x86
		{9A82F6E0-3AC8-440C-AA37-714920D8FB85}.AppStore|Any CPU.ActiveCfg = Release|x64
		{9A82F6E0-3AC8-440C-AA37-714920D8FB85}.AppStore|Any CPU.Build.0 = Release|x64
		{9A82F6E0-3AC8-440C-AA37-714920D8FB85}.AppStore|Any CPU.Deploy.0 = Release|x64
		{9A82F6E0-3AC8-440C-AA37-714920D8FB85}.AppStore|ARM.ActiveCfg = Release|ARM
		{9A82F6E0-3AC8-440C-AA37-714920D8FB85}.AppStore|ARM.Build.0 = Release|ARM
		{9A82F6E0-3AC8-440C-AA37-714920D8FB85}.AppStore|ARM.Deploy.0 = Release|ARM
		{9A82F6E0-3AC8-440C-AA37-714920D8FB85}.AppStore|iPhone.ActiveCfg = Release|x64
		{9A82F6E0-3AC8-440C-AA37-714920D8FB85}.AppStore|iPhone.Build.0 = Release|x64
		{9A82F6E0-3AC8-440C-AA37-714920D8FB85}.AppStore|iPhone.Deploy.0 = Release|x64
		{9A82F6E0-3AC8-440C-AA37-714920D8FB85}.AppStore|iPhoneSimulator.ActiveCfg = Release|x64
		{9A82F6E0-3AC8-440C-AA37-714920D8FB85}.AppStore|iPhoneSimulator.Build.0 = Release|x64
		{9A82F6E0-3AC8-440C-AA37-714920D8FB85}.AppStore|iPhoneSimulator.Deploy.0 = Release|x64
		{9A82F6E0-3AC8-440C-AA37-714920D8FB85}.AppStore|x64.ActiveCfg = Release|x64
		{9A82F6E0-3AC8-440C-AA37-714920D8FB85}.AppStore|x64.Build.0 = Release|x64
		{9A82F6E0-3AC8-440C-AA37-714920D8FB85}.AppStore|x64.Deploy.0 = Release|x64
		{9A82F6E0-3AC8-440C-AA37-714920D8FB85}.AppStore|x86.ActiveCfg = Release|x86
		{9A82F6E0-3AC8-440C-AA37-714920D8FB85}.AppStore|x86.Build.0 = Release|x86
		{9A82F6E0-3AC8-440C-AA37-714920D8FB85}.AppStore|x86.Deploy.0 = Release|x86
		{9A82F6E0-3AC8-440C-AA37-714920D8FB85}.Debug|Any CPU.ActiveCfg = Debug|x86
		{9A82F6E0-3AC8-440C-AA37-714920D8FB85}.Debug|ARM.ActiveCfg = Debug|ARM
		{9A82F6E0-3AC8-440C-AA37-714920D8FB85}.Debug|ARM.Build.0 = Debug|ARM
		{9A82F6E0-3AC8-440C-AA37-714920D8FB85}.Debug|ARM.Deploy.0 = Debug|ARM
		{9A82F6E0-3AC8-440C-AA37-714920D8FB85}.Debug|iPhone.ActiveCfg = Debug|x86
		{9A82F6E0-3AC8-440C-AA37-714920D8FB85}.Debug|iPhoneSimulator.ActiveCfg = Debug|x86
		{9A82F6E0-3AC8-440C-AA37-714920D8FB85}.Debug|x64.ActiveCfg = Debug|x64
		{9A82F6E0-3AC8-440C-AA37-714920D8FB85}.Debug|x64.Build.0 = Debug|x64
		{9A82F6E0-3AC8-440C-AA37-714920D8FB85}.Debug|x64.Deploy.0 = Debug|x64
		{9A82F6E0-3AC8-440C-AA37-714920D8FB85}.Debug|x86.ActiveCfg = Debug|x86
		{9A82F6E0-3AC8-440C-AA37-714920D8FB85}.Debug|x86.Build.0 = Debug|x86
		{9A82F6E0-3AC8-440C-AA37-714920D8FB85}.Debug|x86.Deploy.0 = Debug|x86
		{9A82F6E0-3AC8-440C-AA37-714920D8FB85}.Release|Any CPU.ActiveCfg = Release|x86
		{9A82F6E0-3AC8-440C-AA37-714920D8FB85}.Release|Any CPU.Build.0 = Release|x86
		{9A82F6E0-3AC8-440C-AA37-714920D8FB85}.Release|Any CPU.Deploy.0 = Release|x86
		{9A82F6E0-3AC8-440C-AA37-714920D8FB85}.Release|ARM.ActiveCfg = Release|ARM
		{9A82F6E0-3AC8-440C-AA37-714920D8FB85}.Release|ARM.Build.0 = Release|ARM
		{9A82F6E0-3AC8-440C-AA37-714920D8FB85}.Release|ARM.Deploy.0 = Release|ARM
		{9A82F6E0-3AC8-440C-AA37-714920D8FB85}.Release|iPhone.ActiveCfg = Release|x86
		{9A82F6E0-3AC8-440C-AA37-714920D8FB85}.Release|iPhoneSimulator.ActiveCfg = Release|x86
		{9A82F6E0-3AC8-440C-AA37-714920D8FB85}.Release|x64.ActiveCfg = Release|x64
		{9A82F6E0-3AC8-440C-AA37-714920D8FB85}.Release|x64.Build.0 = Release|x64
		{9A82F6E0-3AC8-440C-AA37-714920D8FB85}.Release|x64.Deploy.0 = Release|x64
		{9A82F6E0-3AC8-440C-AA37-714920D8FB85}.Release|x86.ActiveCfg = Release|x86
		{9A82F6E0-3AC8-440C-AA37-714920D8FB85}.Release|x86.Build.0 = Release|x86
		{9A82F6E0-3AC8-440C-AA37-714920D8FB85}.Release|x86.Deploy.0 = Release|x86
		{AF86E902-CA06-49A6-853B-CF3F228F940C}.Ad-Hoc|Any CPU.ActiveCfg = Release|Any CPU
		{AF86E902-CA06-49A6-853B-CF3F228F940C}.Ad-Hoc|Any CPU.Build.0 = Release|Any CPU
		{AF86E902-CA06-49A6-853B-CF3F228F940C}.Ad-Hoc|ARM.ActiveCfg = Release|Any CPU
		{AF86E902-CA06-49A6-853B-CF3F228F940C}.Ad-Hoc|ARM.Build.0 = Release|Any CPU
		{AF86E902-CA06-49A6-853B-CF3F228F940C}.Ad-Hoc|iPhone.ActiveCfg = Release|Any CPU
		{AF86E902-CA06-49A6-853B-CF3F228F940C}.Ad-Hoc|iPhone.Build.0 = Release|Any CPU
		{AF86E902-CA06-49A6-853B-CF3F228F940C}.Ad-Hoc|iPhoneSimulator.ActiveCfg = Release|Any CPU
		{AF86E902-CA06-49A6-853B-CF3F228F940C}.Ad-Hoc|iPhoneSimulator.Build.0 = Release|Any CPU
		{AF86E902-CA06-49A6-853B-CF3F228F940C}.Ad-Hoc|x64.ActiveCfg = Release|Any CPU
		{AF86E902-CA06-49A6-853B-CF3F228F940C}.Ad-Hoc|x64.Build.0 = Release|Any CPU
		{AF86E902-CA06-49A6-853B-CF3F228F940C}.Ad-Hoc|x86.ActiveCfg = Release|Any CPU
		{AF86E902-CA06-49A6-853B-CF3F228F940C}.Ad-Hoc|x86.Build.0 = Release|Any CPU
		{AF86E902-CA06-49A6-853B-CF3F228F940C}.AppStore|Any CPU.ActiveCfg = Release|Any CPU
		{AF86E902-CA06-49A6-853B-CF3F228F940C}.AppStore|Any CPU.Build.0 = Release|Any CPU
		{AF86E902-CA06-49A6-853B-CF3F228F940C}.AppStore|ARM.ActiveCfg = Release|Any CPU
		{AF86E902-CA06-49A6-853B-CF3F228F940C}.AppStore|ARM.Build.0 = Release|Any CPU
		{AF86E902-CA06-49A6-853B-CF3F228F940C}.AppStore|iPhone.ActiveCfg = Release|Any CPU
		{AF86E902-CA06-49A6-853B-CF3F228F940C}.AppStore|iPhone.Build.0 = Release|Any CPU
		{AF86E902-CA06-49A6-853B-CF3F228F940C}.AppStore|iPhoneSimulator.ActiveCfg = Release|Any CPU
		{AF86E902-CA06-49A6-853B-CF3F228F940C}.AppStore|iPhoneSimulator.Build.0 = Release|Any CPU
		{AF86E902-CA06-49A6-853B-CF3F228F940C}.AppStore|x64.ActiveCfg = Release|Any CPU
		{AF86E902-CA06-49A6-853B-CF3F228F940C}.AppStore|x64.Build.0 = Release|Any CPU
		{AF86E902-CA06-49A6-853B-CF3F228F940C}.AppStore|x86.ActiveCfg = Release|Any CPU
		{AF86E902-CA06-49A6-853B-CF3F228F940C}.AppStore|x86.Build.0 = Release|Any CPU
		{AF86E902-CA06-49A6-853B-CF3F228F940C}.Debug|Any CPU.ActiveCfg = Debug|Any CPU
		{AF86E902-CA06-49A6-853B-CF3F228F940C}.Debug|Any CPU.Build.0 = Debug|Any CPU
		{AF86E902-CA06-49A6-853B-CF3F228F940C}.Debug|Any CPU.Deploy.0 = Debug|Any CPU
		{AF86E902-CA06-49A6-853B-CF3F228F940C}.Debug|ARM.ActiveCfg = Debug|Any CPU
		{AF86E902-CA06-49A6-853B-CF3F228F940C}.Debug|ARM.Build.0 = Debug|Any CPU
		{AF86E902-CA06-49A6-853B-CF3F228F940C}.Debug|iPhone.ActiveCfg = Debug|Any CPU
		{AF86E902-CA06-49A6-853B-CF3F228F940C}.Debug|iPhone.Build.0 = Debug|Any CPU
		{AF86E902-CA06-49A6-853B-CF3F228F940C}.Debug|iPhoneSimulator.ActiveCfg = Debug|Any CPU
		{AF86E902-CA06-49A6-853B-CF3F228F940C}.Debug|iPhoneSimulator.Build.0 = Debug|Any CPU
		{AF86E902-CA06-49A6-853B-CF3F228F940C}.Debug|x64.ActiveCfg = Debug|Any CPU
		{AF86E902-CA06-49A6-853B-CF3F228F940C}.Debug|x64.Build.0 = Debug|Any CPU
		{AF86E902-CA06-49A6-853B-CF3F228F940C}.Debug|x86.ActiveCfg = Debug|Any CPU
		{AF86E902-CA06-49A6-853B-CF3F228F940C}.Debug|x86.Build.0 = Debug|Any CPU
		{AF86E902-CA06-49A6-853B-CF3F228F940C}.Release|Any CPU.ActiveCfg = Release|Any CPU
		{AF86E902-CA06-49A6-853B-CF3F228F940C}.Release|Any CPU.Build.0 = Release|Any CPU
		{AF86E902-CA06-49A6-853B-CF3F228F940C}.Release|ARM.ActiveCfg = Release|Any CPU
		{AF86E902-CA06-49A6-853B-CF3F228F940C}.Release|ARM.Build.0 = Release|Any CPU
		{AF86E902-CA06-49A6-853B-CF3F228F940C}.Release|iPhone.ActiveCfg = Release|Any CPU
		{AF86E902-CA06-49A6-853B-CF3F228F940C}.Release|iPhone.Build.0 = Release|Any CPU
		{AF86E902-CA06-49A6-853B-CF3F228F940C}.Release|iPhoneSimulator.ActiveCfg = Release|Any CPU
		{AF86E902-CA06-49A6-853B-CF3F228F940C}.Release|iPhoneSimulator.Build.0 = Release|Any CPU
		{AF86E902-CA06-49A6-853B-CF3F228F940C}.Release|x64.ActiveCfg = Release|Any CPU
		{AF86E902-CA06-49A6-853B-CF3F228F940C}.Release|x64.Build.0 = Release|Any CPU
		{AF86E902-CA06-49A6-853B-CF3F228F940C}.Release|x86.ActiveCfg = Release|Any CPU
		{AF86E902-CA06-49A6-853B-CF3F228F940C}.Release|x86.Build.0 = Release|Any CPU
		{B2BA865C-A965-4BA0-AC67-BD1491310A5E}.Ad-Hoc|Any CPU.ActiveCfg = Release|Any CPU
		{B2BA865C-A965-4BA0-AC67-BD1491310A5E}.Ad-Hoc|Any CPU.Build.0 = Release|Any CPU
		{B2BA865C-A965-4BA0-AC67-BD1491310A5E}.Ad-Hoc|ARM.ActiveCfg = Release|Any CPU
		{B2BA865C-A965-4BA0-AC67-BD1491310A5E}.Ad-Hoc|ARM.Build.0 = Release|Any CPU
		{B2BA865C-A965-4BA0-AC67-BD1491310A5E}.Ad-Hoc|iPhone.ActiveCfg = Release|Any CPU
		{B2BA865C-A965-4BA0-AC67-BD1491310A5E}.Ad-Hoc|iPhone.Build.0 = Release|Any CPU
		{B2BA865C-A965-4BA0-AC67-BD1491310A5E}.Ad-Hoc|iPhoneSimulator.ActiveCfg = Release|Any CPU
		{B2BA865C-A965-4BA0-AC67-BD1491310A5E}.Ad-Hoc|iPhoneSimulator.Build.0 = Release|Any CPU
		{B2BA865C-A965-4BA0-AC67-BD1491310A5E}.Ad-Hoc|x64.ActiveCfg = Release|Any CPU
		{B2BA865C-A965-4BA0-AC67-BD1491310A5E}.Ad-Hoc|x64.Build.0 = Release|Any CPU
		{B2BA865C-A965-4BA0-AC67-BD1491310A5E}.Ad-Hoc|x86.ActiveCfg = Release|Any CPU
		{B2BA865C-A965-4BA0-AC67-BD1491310A5E}.Ad-Hoc|x86.Build.0 = Release|Any CPU
		{B2BA865C-A965-4BA0-AC67-BD1491310A5E}.AppStore|Any CPU.ActiveCfg = Release|Any CPU
		{B2BA865C-A965-4BA0-AC67-BD1491310A5E}.AppStore|Any CPU.Build.0 = Release|Any CPU
		{B2BA865C-A965-4BA0-AC67-BD1491310A5E}.AppStore|ARM.ActiveCfg = Release|Any CPU
		{B2BA865C-A965-4BA0-AC67-BD1491310A5E}.AppStore|ARM.Build.0 = Release|Any CPU
		{B2BA865C-A965-4BA0-AC67-BD1491310A5E}.AppStore|iPhone.ActiveCfg = Release|Any CPU
		{B2BA865C-A965-4BA0-AC67-BD1491310A5E}.AppStore|iPhone.Build.0 = Release|Any CPU
		{B2BA865C-A965-4BA0-AC67-BD1491310A5E}.AppStore|iPhoneSimulator.ActiveCfg = Release|Any CPU
		{B2BA865C-A965-4BA0-AC67-BD1491310A5E}.AppStore|iPhoneSimulator.Build.0 = Release|Any CPU
		{B2BA865C-A965-4BA0-AC67-BD1491310A5E}.AppStore|x64.ActiveCfg = Release|Any CPU
		{B2BA865C-A965-4BA0-AC67-BD1491310A5E}.AppStore|x64.Build.0 = Release|Any CPU
		{B2BA865C-A965-4BA0-AC67-BD1491310A5E}.AppStore|x86.ActiveCfg = Release|Any CPU
		{B2BA865C-A965-4BA0-AC67-BD1491310A5E}.AppStore|x86.Build.0 = Release|Any CPU
		{B2BA865C-A965-4BA0-AC67-BD1491310A5E}.Debug|Any CPU.ActiveCfg = Debug|Any CPU
		{B2BA865C-A965-4BA0-AC67-BD1491310A5E}.Debug|ARM.ActiveCfg = Debug|Any CPU
		{B2BA865C-A965-4BA0-AC67-BD1491310A5E}.Debug|ARM.Build.0 = Debug|Any CPU
		{B2BA865C-A965-4BA0-AC67-BD1491310A5E}.Debug|iPhone.ActiveCfg = Debug|Any CPU
		{B2BA865C-A965-4BA0-AC67-BD1491310A5E}.Debug|iPhone.Build.0 = Debug|Any CPU
		{B2BA865C-A965-4BA0-AC67-BD1491310A5E}.Debug|iPhoneSimulator.ActiveCfg = Debug|Any CPU
		{B2BA865C-A965-4BA0-AC67-BD1491310A5E}.Debug|iPhoneSimulator.Build.0 = Debug|Any CPU
		{B2BA865C-A965-4BA0-AC67-BD1491310A5E}.Debug|x64.ActiveCfg = Debug|Any CPU
		{B2BA865C-A965-4BA0-AC67-BD1491310A5E}.Debug|x64.Build.0 = Debug|Any CPU
		{B2BA865C-A965-4BA0-AC67-BD1491310A5E}.Debug|x86.ActiveCfg = Debug|Any CPU
		{B2BA865C-A965-4BA0-AC67-BD1491310A5E}.Debug|x86.Build.0 = Debug|Any CPU
		{B2BA865C-A965-4BA0-AC67-BD1491310A5E}.Release|Any CPU.ActiveCfg = Release|Any CPU
		{B2BA865C-A965-4BA0-AC67-BD1491310A5E}.Release|Any CPU.Build.0 = Release|Any CPU
		{B2BA865C-A965-4BA0-AC67-BD1491310A5E}.Release|ARM.ActiveCfg = Release|Any CPU
		{B2BA865C-A965-4BA0-AC67-BD1491310A5E}.Release|ARM.Build.0 = Release|Any CPU
		{B2BA865C-A965-4BA0-AC67-BD1491310A5E}.Release|iPhone.ActiveCfg = Release|Any CPU
		{B2BA865C-A965-4BA0-AC67-BD1491310A5E}.Release|iPhone.Build.0 = Release|Any CPU
		{B2BA865C-A965-4BA0-AC67-BD1491310A5E}.Release|iPhoneSimulator.ActiveCfg = Release|Any CPU
		{B2BA865C-A965-4BA0-AC67-BD1491310A5E}.Release|iPhoneSimulator.Build.0 = Release|Any CPU
		{B2BA865C-A965-4BA0-AC67-BD1491310A5E}.Release|x64.ActiveCfg = Release|Any CPU
		{B2BA865C-A965-4BA0-AC67-BD1491310A5E}.Release|x64.Build.0 = Release|Any CPU
		{B2BA865C-A965-4BA0-AC67-BD1491310A5E}.Release|x86.ActiveCfg = Release|Any CPU
		{B2BA865C-A965-4BA0-AC67-BD1491310A5E}.Release|x86.Build.0 = Release|Any CPU
		{F346D751-3F9C-4EF3-A974-833999498506}.Ad-Hoc|Any CPU.ActiveCfg = Debug|iPhoneSimulator
		{F346D751-3F9C-4EF3-A974-833999498506}.Ad-Hoc|Any CPU.Build.0 = Debug|iPhoneSimulator
		{F346D751-3F9C-4EF3-A974-833999498506}.Ad-Hoc|ARM.ActiveCfg = Debug|iPhoneSimulator
		{F346D751-3F9C-4EF3-A974-833999498506}.Ad-Hoc|ARM.Build.0 = Debug|iPhoneSimulator
		{F346D751-3F9C-4EF3-A974-833999498506}.Ad-Hoc|iPhone.ActiveCfg = Release|iPhone
		{F346D751-3F9C-4EF3-A974-833999498506}.Ad-Hoc|iPhone.Build.0 = Release|iPhone
		{F346D751-3F9C-4EF3-A974-833999498506}.Ad-Hoc|iPhoneSimulator.ActiveCfg = Debug|iPhoneSimulator
		{F346D751-3F9C-4EF3-A974-833999498506}.Ad-Hoc|iPhoneSimulator.Build.0 = Debug|iPhoneSimulator
		{F346D751-3F9C-4EF3-A974-833999498506}.Ad-Hoc|x64.ActiveCfg = Debug|iPhoneSimulator
		{F346D751-3F9C-4EF3-A974-833999498506}.Ad-Hoc|x64.Build.0 = Debug|iPhoneSimulator
		{F346D751-3F9C-4EF3-A974-833999498506}.Ad-Hoc|x86.ActiveCfg = Debug|iPhoneSimulator
		{F346D751-3F9C-4EF3-A974-833999498506}.Ad-Hoc|x86.Build.0 = Debug|iPhoneSimulator
		{F346D751-3F9C-4EF3-A974-833999498506}.AppStore|Any CPU.ActiveCfg = Debug|iPhoneSimulator
		{F346D751-3F9C-4EF3-A974-833999498506}.AppStore|Any CPU.Build.0 = Debug|iPhoneSimulator
		{F346D751-3F9C-4EF3-A974-833999498506}.AppStore|ARM.ActiveCfg = Debug|iPhoneSimulator
		{F346D751-3F9C-4EF3-A974-833999498506}.AppStore|ARM.Build.0 = Debug|iPhoneSimulator
		{F346D751-3F9C-4EF3-A974-833999498506}.AppStore|iPhone.ActiveCfg = Release|iPhone
		{F346D751-3F9C-4EF3-A974-833999498506}.AppStore|iPhone.Build.0 = Release|iPhone
		{F346D751-3F9C-4EF3-A974-833999498506}.AppStore|iPhoneSimulator.ActiveCfg = Debug|iPhoneSimulator
		{F346D751-3F9C-4EF3-A974-833999498506}.AppStore|iPhoneSimulator.Build.0 = Debug|iPhoneSimulator
		{F346D751-3F9C-4EF3-A974-833999498506}.AppStore|x64.ActiveCfg = Debug|iPhoneSimulator
		{F346D751-3F9C-4EF3-A974-833999498506}.AppStore|x64.Build.0 = Debug|iPhoneSimulator
		{F346D751-3F9C-4EF3-A974-833999498506}.AppStore|x86.ActiveCfg = Debug|iPhoneSimulator
		{F346D751-3F9C-4EF3-A974-833999498506}.AppStore|x86.Build.0 = Debug|iPhoneSimulator
		{F346D751-3F9C-4EF3-A974-833999498506}.Debug|Any CPU.ActiveCfg = Debug|iPhoneSimulator
		{F346D751-3F9C-4EF3-A974-833999498506}.Debug|Any CPU.Build.0 = Debug|iPhoneSimulator
		{F346D751-3F9C-4EF3-A974-833999498506}.Debug|ARM.ActiveCfg = Debug|iPhoneSimulator
		{F346D751-3F9C-4EF3-A974-833999498506}.Debug|ARM.Build.0 = Debug|iPhoneSimulator
		{F346D751-3F9C-4EF3-A974-833999498506}.Debug|iPhone.ActiveCfg = Debug|iPhone
		{F346D751-3F9C-4EF3-A974-833999498506}.Debug|iPhone.Build.0 = Debug|iPhone
		{F346D751-3F9C-4EF3-A974-833999498506}.Debug|iPhoneSimulator.ActiveCfg = Debug|iPhoneSimulator
		{F346D751-3F9C-4EF3-A974-833999498506}.Debug|iPhoneSimulator.Build.0 = Debug|iPhoneSimulator
		{F346D751-3F9C-4EF3-A974-833999498506}.Debug|x64.ActiveCfg = Debug|iPhoneSimulator
		{F346D751-3F9C-4EF3-A974-833999498506}.Debug|x64.Build.0 = Debug|iPhoneSimulator
		{F346D751-3F9C-4EF3-A974-833999498506}.Debug|x86.ActiveCfg = Debug|iPhoneSimulator
		{F346D751-3F9C-4EF3-A974-833999498506}.Debug|x86.Build.0 = Debug|iPhoneSimulator
		{F346D751-3F9C-4EF3-A974-833999498506}.Release|Any CPU.ActiveCfg = Release|iPhone
		{F346D751-3F9C-4EF3-A974-833999498506}.Release|Any CPU.Build.0 = Release|iPhone
		{F346D751-3F9C-4EF3-A974-833999498506}.Release|ARM.ActiveCfg = Release|iPhone
		{F346D751-3F9C-4EF3-A974-833999498506}.Release|ARM.Build.0 = Release|iPhone
		{F346D751-3F9C-4EF3-A974-833999498506}.Release|iPhone.ActiveCfg = Release|iPhone
		{F346D751-3F9C-4EF3-A974-833999498506}.Release|iPhone.Build.0 = Release|iPhone
		{F346D751-3F9C-4EF3-A974-833999498506}.Release|iPhoneSimulator.ActiveCfg = Release|iPhoneSimulator
		{F346D751-3F9C-4EF3-A974-833999498506}.Release|iPhoneSimulator.Build.0 = Release|iPhoneSimulator
		{F346D751-3F9C-4EF3-A974-833999498506}.Release|x64.ActiveCfg = Release|iPhone
		{F346D751-3F9C-4EF3-A974-833999498506}.Release|x64.Build.0 = Release|iPhone
		{F346D751-3F9C-4EF3-A974-833999498506}.Release|x86.ActiveCfg = Release|iPhone
		{F346D751-3F9C-4EF3-A974-833999498506}.Release|x86.Build.0 = Release|iPhone
	EndGlobalSection
	GlobalSection(NestedProjects) = preSolution
	EndGlobalSection
	GlobalSection(SolutionProperties) = preSolution
		HideSolutionNode = FALSE
	EndGlobalSection
EndGlobal
